// !$*UTF8*$!
{
	archiveVersion = 1;
	classes = {
	};
	objectVersion = 46;
	objects = {

/* Begin PBXBuildFile section */
		30A52D3C1EB4C65000CAC48F /* AppDelegate.swift in Sources */ = {isa = PBXBuildFile; fileRef = 30A52D3B1EB4C65000CAC48F /* AppDelegate.swift */; };
		30A52D3E1EB4C65000CAC48F /* ViewController.swift in Sources */ = {isa = PBXBuildFile; fileRef = 30A52D3D1EB4C65000CAC48F /* ViewController.swift */; };
		30A52D411EB4C65000CAC48F /* Main.storyboard in Resources */ = {isa = PBXBuildFile; fileRef = 30A52D3F1EB4C65000CAC48F /* Main.storyboard */; };
		30A52D431EB4C65000CAC48F /* Assets.xcassets in Resources */ = {isa = PBXBuildFile; fileRef = 30A52D421EB4C65000CAC48F /* Assets.xcassets */; };
		30A52D461EB4C65000CAC48F /* LaunchScreen.storyboard in Resources */ = {isa = PBXBuildFile; fileRef = 30A52D441EB4C65000CAC48F /* LaunchScreen.storyboard */; };
		30A52D511EB4C65000CAC48F /* CollectionView_2Tests.swift in Sources */ = {isa = PBXBuildFile; fileRef = 30A52D501EB4C65000CAC48F /* CollectionView_2Tests.swift */; };
		30A52D5C1EB4C65000CAC48F /* CollectionView_2UITests.swift in Sources */ = {isa = PBXBuildFile; fileRef = 30A52D5B1EB4C65000CAC48F /* CollectionView_2UITests.swift */; };
		30A52D6A1EB4CA6900CAC48F /* GalleryItemViewCell.swift in Sources */ = {isa = PBXBuildFile; fileRef = 30A52D691EB4CA6900CAC48F /* GalleryItemViewCell.swift */; };
		30A52D6D1EB4CAAA00CAC48F /* GalleryItem.swift in Sources */ = {isa = PBXBuildFile; fileRef = 30A52D6C1EB4CAAA00CAC48F /* GalleryItem.swift */; };
		30A52D6F1EB4CE5400CAC48F /* items.plist in Resources */ = {isa = PBXBuildFile; fileRef = 30A52D6E1EB4CE5400CAC48F /* items.plist */; };
/* End PBXBuildFile section */

/* Begin PBXContainerItemProxy section */
		30A52D4D1EB4C65000CAC48F /* PBXContainerItemProxy */ = {
			isa = PBXContainerItemProxy;
			containerPortal = 30A52D301EB4C65000CAC48F /* Project object */;
			proxyType = 1;
			remoteGlobalIDString = 30A52D371EB4C65000CAC48F;
			remoteInfo = CollectionView_2;
		};
		30A52D581EB4C65000CAC48F /* PBXContainerItemProxy */ = {
			isa = PBXContainerItemProxy;
			containerPortal = 30A52D301EB4C65000CAC48F /* Project object */;
			proxyType = 1;
			remoteGlobalIDString = 30A52D371EB4C65000CAC48F;
			remoteInfo = CollectionView_2;
		};
/* End PBXContainerItemProxy section */

/* Begin PBXFileReference section */
		30A52D381EB4C65000CAC48F /* CollectionView_2.app */ = {isa = PBXFileReference; explicitFileType = wrapper.application; includeInIndex = 0; path = CollectionView_2.app; sourceTree = BUILT_PRODUCTS_DIR; };
		30A52D3B1EB4C65000CAC48F /* AppDelegate.swift */ = {isa = PBXFileReference; lastKnownFileType = sourcecode.swift; path = AppDelegate.swift; sourceTree = "<group>"; };
		30A52D3D1EB4C65000CAC48F /* ViewController.swift */ = {isa = PBXFileReference; lastKnownFileType = sourcecode.swift; path = ViewController.swift; sourceTree = "<group>"; };
		30A52D401EB4C65000CAC48F /* Base */ = {isa = PBXFileReference; lastKnownFileType = file.storyboard; name = Base; path = Base.lproj/Main.storyboard; sourceTree = "<group>"; };
		30A52D421EB4C65000CAC48F /* Assets.xcassets */ = {isa = PBXFileReference; lastKnownFileType = folder.assetcatalog; path = Assets.xcassets; sourceTree = "<group>"; };
		30A52D451EB4C65000CAC48F /* Base */ = {isa = PBXFileReference; lastKnownFileType = file.storyboard; name = Base; path = Base.lproj/LaunchScreen.storyboard; sourceTree = "<group>"; };
		30A52D471EB4C65000CAC48F /* Info.plist */ = {isa = PBXFileReference; lastKnownFileType = text.plist.xml; path = Info.plist; sourceTree = "<group>"; };
		30A52D4C1EB4C65000CAC48F /* CollectionView_2Tests.xctest */ = {isa = PBXFileReference; explicitFileType = wrapper.cfbundle; includeInIndex = 0; path = CollectionView_2Tests.xctest; sourceTree = BUILT_PRODUCTS_DIR; };
		30A52D501EB4C65000CAC48F /* CollectionView_2Tests.swift */ = {isa = PBXFileReference; lastKnownFileType = sourcecode.swift; path = CollectionView_2Tests.swift; sourceTree = "<group>"; };
		30A52D521EB4C65000CAC48F /* Info.plist */ = {isa = PBXFileReference; lastKnownFileType = text.plist.xml; path = Info.plist; sourceTree = "<group>"; };
		30A52D571EB4C65000CAC48F /* CollectionView_2UITests.xctest */ = {isa = PBXFileReference; explicitFileType = wrapper.cfbundle; includeInIndex = 0; path = CollectionView_2UITests.xctest; sourceTree = BUILT_PRODUCTS_DIR; };
		30A52D5B1EB4C65000CAC48F /* CollectionView_2UITests.swift */ = {isa = PBXFileReference; lastKnownFileType = sourcecode.swift; path = CollectionView_2UITests.swift; sourceTree = "<group>"; };
		30A52D5D1EB4C65000CAC48F /* Info.plist */ = {isa = PBXFileReference; lastKnownFileType = text.plist.xml; path = Info.plist; sourceTree = "<group>"; };
		30A52D691EB4CA6900CAC48F /* GalleryItemViewCell.swift */ = {isa = PBXFileReference; fileEncoding = 4; lastKnownFileType = sourcecode.swift; path = GalleryItemViewCell.swift; sourceTree = "<group>"; };
		30A52D6C1EB4CAAA00CAC48F /* GalleryItem.swift */ = {isa = PBXFileReference; fileEncoding = 4; lastKnownFileType = sourcecode.swift; path = GalleryItem.swift; sourceTree = "<group>"; };
		30A52D6E1EB4CE5400CAC48F /* items.plist */ = {isa = PBXFileReference; fileEncoding = 4; lastKnownFileType = text.plist.xml; path = items.plist; sourceTree = "<group>"; };
/* End PBXFileReference section */

/* Begin PBXFrameworksBuildPhase section */
		30A52D351EB4C65000CAC48F /* Frameworks */ = {
			isa = PBXFrameworksBuildPhase;
			buildActionMask = 2147483647;
			files = (
			);
			runOnlyForDeploymentPostprocessing = 0;
		};
		30A52D491EB4C65000CAC48F /* Frameworks */ = {
			isa = PBXFrameworksBuildPhase;
			buildActionMask = 2147483647;
			files = (
			);
			runOnlyForDeploymentPostprocessing = 0;
		};
		30A52D541EB4C65000CAC48F /* Frameworks */ = {
			isa = PBXFrameworksBuildPhase;
			buildActionMask = 2147483647;
			files = (
			);
			runOnlyForDeploymentPostprocessing = 0;
		};
/* End PBXFrameworksBuildPhase section */

/* Begin PBXGroup section */
		30A52D2F1EB4C65000CAC48F = {
			isa = PBXGroup;
			children = (
				30A52D3A1EB4C65000CAC48F /* CollectionView_2 */,
				30A52D4F1EB4C65000CAC48F /* CollectionView_2Tests */,
				30A52D5A1EB4C65000CAC48F /* CollectionView_2UITests */,
				30A52D391EB4C65000CAC48F /* Products */,
			);
			sourceTree = "<group>";
		};
		30A52D391EB4C65000CAC48F /* Products */ = {
			isa = PBXGroup;
			children = (
				30A52D381EB4C65000CAC48F /* CollectionView_2.app */,
				30A52D4C1EB4C65000CAC48F /* CollectionView_2Tests.xctest */,
				30A52D571EB4C65000CAC48F /* CollectionView_2UITests.xctest */,
			);
			name = Products;
			sourceTree = "<group>";
		};
		30A52D3A1EB4C65000CAC48F /* CollectionView_2 */ = {
			isa = PBXGroup;
			children = (
				30A52D6E1EB4CE5400CAC48F /* items.plist */,
				30A52D6B1EB4CA9800CAC48F /* Models */,
				30A52D3B1EB4C65000CAC48F /* AppDelegate.swift */,
				30A52D3D1EB4C65000CAC48F /* ViewController.swift */,
				30A52D3F1EB4C65000CAC48F /* Main.storyboard */,
				30A52D421EB4C65000CAC48F /* Assets.xcassets */,
				30A52D441EB4C65000CAC48F /* LaunchScreen.storyboard */,
				30A52D471EB4C65000CAC48F /* Info.plist */,
				30A52D691EB4CA6900CAC48F /* GalleryItemViewCell.swift */,
			);
			path = CollectionView_2;
			sourceTree = "<group>";
		};
		30A52D4F1EB4C65000CAC48F /* CollectionView_2Tests */ = {
			isa = PBXGroup;
			children = (
				30A52D501EB4C65000CAC48F /* CollectionView_2Tests.swift */,
				30A52D521EB4C65000CAC48F /* Info.plist */,
			);
			path = CollectionView_2Tests;
			sourceTree = "<group>";
		};
		30A52D5A1EB4C65000CAC48F /* CollectionView_2UITests */ = {
			isa = PBXGroup;
			children = (
				30A52D5B1EB4C65000CAC48F /* CollectionView_2UITests.swift */,
				30A52D5D1EB4C65000CAC48F /* Info.plist */,
			);
			path = CollectionView_2UITests;
			sourceTree = "<group>";
		};
		30A52D6B1EB4CA9800CAC48F /* Models */ = {
			isa = PBXGroup;
			children = (
				30A52D6C1EB4CAAA00CAC48F /* GalleryItem.swift */,
			);
			name = Models;
			sourceTree = "<group>";
		};
/* End PBXGroup section */

/* Begin PBXNativeTarget section */
		30A52D371EB4C65000CAC48F /* CollectionView_2 */ = {
			isa = PBXNativeTarget;
			buildConfigurationList = 30A52D601EB4C65000CAC48F /* Build configuration list for PBXNativeTarget "CollectionView_2" */;
			buildPhases = (
				30A52D341EB4C65000CAC48F /* Sources */,
				30A52D351EB4C65000CAC48F /* Frameworks */,
				30A52D361EB4C65000CAC48F /* Resources */,
			);
			buildRules = (
			);
			dependencies = (
			);
			name = CollectionView_2;
			productName = CollectionView_2;
			productReference = 30A52D381EB4C65000CAC48F /* CollectionView_2.app */;
			productType = "com.apple.product-type.application";
		};
		30A52D4B1EB4C65000CAC48F /* CollectionView_2Tests */ = {
			isa = PBXNativeTarget;
			buildConfigurationList = 30A52D631EB4C65000CAC48F /* Build configuration list for PBXNativeTarget "CollectionView_2Tests" */;
			buildPhases = (
				30A52D481EB4C65000CAC48F /* Sources */,
				30A52D491EB4C65000CAC48F /* Frameworks */,
				30A52D4A1EB4C65000CAC48F /* Resources */,
			);
			buildRules = (
			);
			dependencies = (
				30A52D4E1EB4C65000CAC48F /* PBXTargetDependency */,
			);
			name = CollectionView_2Tests;
			productName = CollectionView_2Tests;
			productReference = 30A52D4C1EB4C65000CAC48F /* CollectionView_2Tests.xctest */;
			productType = "com.apple.product-type.bundle.unit-test";
		};
		30A52D561EB4C65000CAC48F /* CollectionView_2UITests */ = {
			isa = PBXNativeTarget;
			buildConfigurationList = 30A52D661EB4C65000CAC48F /* Build configuration list for PBXNativeTarget "CollectionView_2UITests" */;
			buildPhases = (
				30A52D531EB4C65000CAC48F /* Sources */,
				30A52D541EB4C65000CAC48F /* Frameworks */,
				30A52D551EB4C65000CAC48F /* Resources */,
			);
			buildRules = (
			);
			dependencies = (
				30A52D591EB4C65000CAC48F /* PBXTargetDependency */,
			);
			name = CollectionView_2UITests;
			productName = CollectionView_2UITests;
			productReference = 30A52D571EB4C65000CAC48F /* CollectionView_2UITests.xctest */;
			productType = "com.apple.product-type.bundle.ui-testing";
		};
/* End PBXNativeTarget section */

/* Begin PBXProject section */
		30A52D301EB4C65000CAC48F /* Project object */ = {
			isa = PBXProject;
			attributes = {
				LastSwiftUpdateCheck = 0830;
				LastUpgradeCheck = 0830;
				ORGANIZATIONNAME = "Duy Bùi";
				TargetAttributes = {
					30A52D371EB4C65000CAC48F = {
						CreatedOnToolsVersion = 8.3.1;
						ProvisioningStyle = Automatic;
					};
					30A52D4B1EB4C65000CAC48F = {
						CreatedOnToolsVersion = 8.3.1;
						ProvisioningStyle = Automatic;
						TestTargetID = 30A52D371EB4C65000CAC48F;
					};
					30A52D561EB4C65000CAC48F = {
						CreatedOnToolsVersion = 8.3.1;
						ProvisioningStyle = Automatic;
						TestTargetID = 30A52D371EB4C65000CAC48F;
					};
				};
			};
			buildConfigurationList = 30A52D331EB4C65000CAC48F /* Build configuration list for PBXProject "CollectionView_2" */;
			compatibilityVersion = "Xcode 3.2";
			developmentRegion = English;
			hasScannedForEncodings = 0;
			knownRegions = (
				en,
				Base,
			);
			mainGroup = 30A52D2F1EB4C65000CAC48F;
			productRefGroup = 30A52D391EB4C65000CAC48F /* Products */;
			projectDirPath = "";
			projectRoot = "";
			targets = (
				30A52D371EB4C65000CAC48F /* CollectionView_2 */,
				30A52D4B1EB4C65000CAC48F /* CollectionView_2Tests */,
				30A52D561EB4C65000CAC48F /* CollectionView_2UITests */,
			);
		};
/* End PBXProject section */

/* Begin PBXResourcesBuildPhase section */
		30A52D361EB4C65000CAC48F /* Resources */ = {
			isa = PBXResourcesBuildPhase;
			buildActionMask = 2147483647;
			files = (
				30A52D461EB4C65000CAC48F /* LaunchScreen.storyboard in Resources */,
				30A52D431EB4C65000CAC48F /* Assets.xcassets in Resources */,
				30A52D411EB4C65000CAC48F /* Main.storyboard in Resources */,
				30A52D6F1EB4CE5400CAC48F /* items.plist in Resources */,
			);
			runOnlyForDeploymentPostprocessing = 0;
		};
		30A52D4A1EB4C65000CAC48F /* Resources */ = {
			isa = PBXResourcesBuildPhase;
			buildActionMask = 2147483647;
			files = (
			);
			runOnlyForDeploymentPostprocessing = 0;
		};
		30A52D551EB4C65000CAC48F /* Resources */ = {
			isa = PBXResourcesBuildPhase;
			buildActionMask = 2147483647;
			files = (
			);
			runOnlyForDeploymentPostprocessing = 0;
		};
/* End PBXResourcesBuildPhase section */

/* Begin PBXSourcesBuildPhase section */
		30A52D341EB4C65000CAC48F /* Sources */ = {
			isa = PBXSourcesBuildPhase;
			buildActionMask = 2147483647;
			files = (
				30A52D6A1EB4CA6900CAC48F /* GalleryItemViewCell.swift in Sources */,
				30A52D3E1EB4C65000CAC48F /* ViewController.swift in Sources */,
				30A52D3C1EB4C65000CAC48F /* AppDelegate.swift in Sources */,
				30A52D6D1EB4CAAA00CAC48F /* GalleryItem.swift in Sources */,
			);
			runOnlyForDeploymentPostprocessing = 0;
		};
		30A52D481EB4C65000CAC48F /* Sources */ = {
			isa = PBXSourcesBuildPhase;
			buildActionMask = 2147483647;
			files = (
				30A52D511EB4C65000CAC48F /* CollectionView_2Tests.swift in Sources */,
			);
			runOnlyForDeploymentPostprocessing = 0;
		};
		30A52D531EB4C65000CAC48F /* Sources */ = {
			isa = PBXSourcesBuildPhase;
			buildActionMask = 2147483647;
			files = (
				30A52D5C1EB4C65000CAC48F /* CollectionView_2UITests.swift in Sources */,
			);
			runOnlyForDeploymentPostprocessing = 0;
		};
/* End PBXSourcesBuildPhase section */

/* Begin PBXTargetDependency section */
		30A52D4E1EB4C65000CAC48F /* PBXTargetDependency */ = {
			isa = PBXTargetDependency;
			target = 30A52D371EB4C65000CAC48F /* CollectionView_2 */;
			targetProxy = 30A52D4D1EB4C65000CAC48F /* PBXContainerItemProxy */;
		};
		30A52D591EB4C65000CAC48F /* PBXTargetDependency */ = {
			isa = PBXTargetDependency;
			target = 30A52D371EB4C65000CAC48F /* CollectionView_2 */;
			targetProxy = 30A52D581EB4C65000CAC48F /* PBXContainerItemProxy */;
		};
/* End PBXTargetDependency section */

/* Begin PBXVariantGroup section */
		30A52D3F1EB4C65000CAC48F /* Main.storyboard */ = {
			isa = PBXVariantGroup;
			children = (
				30A52D401EB4C65000CAC48F /* Base */,
			);
			name = Main.storyboard;
			sourceTree = "<group>";
		};
		30A52D441EB4C65000CAC48F /* LaunchScreen.storyboard */ = {
			isa = PBXVariantGroup;
			children = (
				30A52D451EB4C65000CAC48F /* Base */,
			);
			name = LaunchScreen.storyboard;
			sourceTree = "<group>";
		};
/* End PBXVariantGroup section */

/* Begin XCBuildConfiguration section */
		30A52D5E1EB4C65000CAC48F /* Debug */ = {
			isa = XCBuildConfiguration;
			buildSettings = {
				ALWAYS_SEARCH_USER_PATHS = NO;
				CLANG_ANALYZER_NONNULL = YES;
				CLANG_ANALYZER_NUMBER_OBJECT_CONVERSION = YES_AGGRESSIVE;
				CLANG_CXX_LANGUAGE_STANDARD = "gnu++0x";
				CLANG_CXX_LIBRARY = "libc++";
				CLANG_ENABLE_MODULES = YES;
				CLANG_ENABLE_OBJC_ARC = YES;
				CLANG_WARN_BOOL_CONVERSION = YES;
				CLANG_WARN_CONSTANT_CONVERSION = YES;
				CLANG_WARN_DIRECT_OBJC_ISA_USAGE = YES_ERROR;
				CLANG_WARN_DOCUMENTATION_COMMENTS = YES;
				CLANG_WARN_EMPTY_BODY = YES;
				CLANG_WARN_ENUM_CONVERSION = YES;
				CLANG_WARN_INFINITE_RECURSION = YES;
				CLANG_WARN_INT_CONVERSION = YES;
				CLANG_WARN_OBJC_ROOT_CLASS = YES_ERROR;
				CLANG_WARN_SUSPICIOUS_MOVE = YES;
				CLANG_WARN_UNREACHABLE_CODE = YES;
				CLANG_WARN__DUPLICATE_METHOD_MATCH = YES;
				"CODE_SIGN_IDENTITY[sdk=iphoneos*]" = "iPhone Developer";
				COPY_PHASE_STRIP = NO;
				DEBUG_INFORMATION_FORMAT = dwarf;
				ENABLE_STRICT_OBJC_MSGSEND = YES;
				ENABLE_TESTABILITY = YES;
				GCC_C_LANGUAGE_STANDARD = gnu99;
				GCC_DYNAMIC_NO_PIC = NO;
				GCC_NO_COMMON_BLOCKS = YES;
				GCC_OPTIMIZATION_LEVEL = 0;
				GCC_PREPROCESSOR_DEFINITIONS = (
					"DEBUG=1",
					"$(inherited)",
				);
				GCC_WARN_64_TO_32_BIT_CONVERSION = YES;
				GCC_WARN_ABOUT_RETURN_TYPE = YES_ERROR;
				GCC_WARN_UNDECLARED_SELECTOR = YES;
				GCC_WARN_UNINITIALIZED_AUTOS = YES_AGGRESSIVE;
				GCC_WARN_UNUSED_FUNCTION = YES;
				GCC_WARN_UNUSED_VARIABLE = YES;
				IPHONEOS_DEPLOYMENT_TARGET = 10.3;
				MTL_ENABLE_DEBUG_INFO = YES;
				ONLY_ACTIVE_ARCH = YES;
				SDKROOT = iphoneos;
				SWIFT_ACTIVE_COMPILATION_CONDITIONS = DEBUG;
				SWIFT_OPTIMIZATION_LEVEL = "-Onone";
				TARGETED_DEVICE_FAMILY = "1,2";
			};
			name = Debug;
		};
		30A52D5F1EB4C65000CAC48F /* Release */ = {
			isa = XCBuildConfiguration;
			buildSettings = {
				ALWAYS_SEARCH_USER_PATHS = NO;
				CLANG_ANALYZER_NONNULL = YES;
				CLANG_ANALYZER_NUMBER_OBJECT_CONVERSION = YES_AGGRESSIVE;
				CLANG_CXX_LANGUAGE_STANDARD = "gnu++0x";
				CLANG_CXX_LIBRARY = "libc++";
				CLANG_ENABLE_MODULES = YES;
				CLANG_ENABLE_OBJC_ARC = YES;
				CLANG_WARN_BOOL_CONVERSION = YES;
				CLANG_WARN_CONSTANT_CONVERSION = YES;
				CLANG_WARN_DIRECT_OBJC_ISA_USAGE = YES_ERROR;
				CLANG_WARN_DOCUMENTATION_COMMENTS = YES;
				CLANG_WARN_EMPTY_BODY = YES;
				CLANG_WARN_ENUM_CONVERSION = YES;
				CLANG_WARN_INFINITE_RECURSION = YES;
				CLANG_WARN_INT_CONVERSION = YES;
				CLANG_WARN_OBJC_ROOT_CLASS = YES_ERROR;
				CLANG_WARN_SUSPICIOUS_MOVE = YES;
				CLANG_WARN_UNREACHABLE_CODE = YES;
				CLANG_WARN__DUPLICATE_METHOD_MATCH = YES;
				"CODE_SIGN_IDENTITY[sdk=iphoneos*]" = "iPhone Developer";
				COPY_PHASE_STRIP = NO;
				DEBUG_INFORMATION_FORMAT = "dwarf-with-dsym";
				ENABLE_NS_ASSERTIONS = NO;
				ENABLE_STRICT_OBJC_MSGSEND = YES;
				GCC_C_LANGUAGE_STANDARD = gnu99;
				GCC_NO_COMMON_BLOCKS = YES;
				GCC_WARN_64_TO_32_BIT_CONVERSION = YES;
				GCC_WARN_ABOUT_RETURN_TYPE = YES_ERROR;
				GCC_WARN_UNDECLARED_SELECTOR = YES;
				GCC_WARN_UNINITIALIZED_AUTOS = YES_AGGRESSIVE;
				GCC_WARN_UNUSED_FUNCTION = YES;
				GCC_WARN_UNUSED_VARIABLE = YES;
				IPHONEOS_DEPLOYMENT_TARGET = 10.3;
				MTL_ENABLE_DEBUG_INFO = NO;
				SDKROOT = iphoneos;
				SWIFT_OPTIMIZATION_LEVEL = "-Owholemodule";
				TARGETED_DEVICE_FAMILY = "1,2";
				VALIDATE_PRODUCT = YES;
			};
			name = Release;
		};
		30A52D611EB4C65000CAC48F /* Debug */ = {
			isa = XCBuildConfiguration;
			buildSettings = {
				ASSETCATALOG_COMPILER_APPICON_NAME = AppIcon;
				INFOPLIST_FILE = CollectionView_2/Info.plist;
				LD_RUNPATH_SEARCH_PATHS = "$(inherited) @executable_path/Frameworks";
				PRODUCT_BUNDLE_IDENTIFIER = "thanhduy.CollectionView-2";
				PRODUCT_NAME = "$(TARGET_NAME)";
				SWIFT_VERSION = 3.0;
			};
			name = Debug;
		};
		30A52D621EB4C65000CAC48F /* Release */ = {
			isa = XCBuildConfiguration;
			buildSettings = {
				ASSETCATALOG_COMPILER_APPICON_NAME = AppIcon;
				INFOPLIST_FILE = CollectionView_2/Info.plist;
				LD_RUNPATH_SEARCH_PATHS = "$(inherited) @executable_path/Frameworks";
				PRODUCT_BUNDLE_IDENTIFIER = "thanhduy.CollectionView-2";
				PRODUCT_NAME = "$(TARGET_NAME)";
				SWIFT_VERSION = 3.0;
			};
			name = Release;
		};
		30A52D641EB4C65000CAC48F /* Debug */ = {
			isa = XCBuildConfiguration;
			buildSettings = {
				ALWAYS_EMBED_SWIFT_STANDARD_LIBRARIES = YES;
				BUNDLE_LOADER = "$(TEST_HOST)";
				INFOPLIST_FILE = CollectionView_2Tests/Info.plist;
				LD_RUNPATH_SEARCH_PATHS = "$(inherited) @executable_path/Frameworks @loader_path/Frameworks";
				PRODUCT_BUNDLE_IDENTIFIER = "thanhduy.CollectionView-2Tests";
				PRODUCT_NAME = "$(TARGET_NAME)";
				SWIFT_VERSION = 3.0;
				TEST_HOST = "$(BUILT_PRODUCTS_DIR)/CollectionView_2.app/CollectionView_2";
			};
			name = Debug;
		};
		30A52D651EB4C65000CAC48F /* Release */ = {
			isa = XCBuildConfiguration;
			buildSettings = {
				ALWAYS_EMBED_SWIFT_STANDARD_LIBRARIES = YES;
				BUNDLE_LOADER = "$(TEST_HOST)";
				INFOPLIST_FILE = CollectionView_2Tests/Info.plist;
				LD_RUNPATH_SEARCH_PATHS = "$(inherited) @executable_path/Frameworks @loader_path/Frameworks";
				PRODUCT_BUNDLE_IDENTIFIER = "thanhduy.CollectionView-2Tests";
				PRODUCT_NAME = "$(TARGET_NAME)";
				SWIFT_VERSION = 3.0;
				TEST_HOST = "$(BUILT_PRODUCTS_DIR)/CollectionView_2.app/CollectionView_2";
			};
			name = Release;
		};
		30A52D671EB4C65000CAC48F /* Debug */ = {
			isa = XCBuildConfiguration;
			buildSettings = {
				ALWAYS_EMBED_SWIFT_STANDARD_LIBRARIES = YES;
				INFOPLIST_FILE = CollectionView_2UITests/Info.plist;
				LD_RUNPATH_SEARCH_PATHS = "$(inherited) @executable_path/Frameworks @loader_path/Frameworks";
				PRODUCT_BUNDLE_IDENTIFIER = "thanhduy.CollectionView-2UITests";
				PRODUCT_NAME = "$(TARGET_NAME)";
				SWIFT_VERSION = 3.0;
				TEST_TARGET_NAME = CollectionView_2;
			};
			name = Debug;
		};
		30A52D681EB4C65000CAC48F /* Release */ = {
			isa = XCBuildConfiguration;
			buildSettings = {
				ALWAYS_EMBED_SWIFT_STANDARD_LIBRARIES = YES;
				INFOPLIST_FILE = CollectionView_2UITests/Info.plist;
				LD_RUNPATH_SEARCH_PATHS = "$(inherited) @executable_path/Frameworks @loader_path/Frameworks";
				PRODUCT_BUNDLE_IDENTIFIER = "thanhduy.CollectionView-2UITests";
				PRODUCT_NAME = "$(TARGET_NAME)";
				SWIFT_VERSION = 3.0;
				TEST_TARGET_NAME = CollectionView_2;
			};
			name = Release;
		};
/* End XCBuildConfiguration section */

/* Begin XCConfigurationList section */
		30A52D331EB4C65000CAC48F /* Build configuration list for PBXProject "CollectionView_2" */ = {
			isa = XCConfigurationList;
			buildConfigurations = (
				30A52D5E1EB4C65000CAC48F /* Debug */,
				30A52D5F1EB4C65000CAC48F /* Release */,
			);
			defaultConfigurationIsVisible = 0;
			defaultConfigurationName = Release;
		};
		30A52D601EB4C65000CAC48F /* Build configuration list for PBXNativeTarget "CollectionView_2" */ = {
			isa = XCConfigurationList;
			buildConfigurations = (
				30A52D611EB4C65000CAC48F /* Debug */,
				30A52D621EB4C65000CAC48F /* Release */,
			);
			defaultConfigurationIsVisible = 0;
		};
		30A52D631EB4C65000CAC48F /* Build configuration list for PBXNativeTarget "CollectionView_2Tests" */ = {
			isa = XCConfigurationList;
			buildConfigurations = (
				30A52D641EB4C65000CAC48F /* Debug */,
				30A52D651EB4C65000CAC48F /* Release */,
			);
			defaultConfigurationIsVisible = 0;
		};
		30A52D661EB4C65000CAC48F /* Build configuration list for PBXNativeTarget "CollectionView_2UITests" */ = {
			isa = XCConfigurationList;
			buildConfigurations = (
				30A52D671EB4C65000CAC48F /* Debug */,
				30A52D681EB4C65000CAC48F /* Release */,
			);
			defaultConfigurationIsVisible = 0;
		};
/* End XCConfigurationList section */
	};
	rootObject = 30A52D301EB4C65000CAC48F /* Project object */;
}
